--accent
--accent-2
--accent-2-rgb
--accent-3
--accent-3-rgb
--accent-4
--accent-4-rgb
--accent-5
--accent-5-rgb
--accent-6
--accent-7
--accent-bright
--accent-dim
--accent-rgb
--amber
--amber-rgb
--arm
--arm-rgb
--bg
--bias-l1
--bias-l1-rgb
--bias-l2
--bias-l2-rgb
--bias-mid
--bias-mid-rgb
--bias-r1
--bias-r1-rgb
--bias-r2
--bias-r2-rgb
--blur-backdrop
--blur-l
--blur-m
--blur-s
--blur-xl
--btn
--btn-lg
--btn-sm
--btn-xs
--cat-cul
--cat-eco
--cat-intl
--cat-pol
--cat-soc
--cat-tech
--cat-tech-rgb
--danger
--danger-rgb
--dur
--dur-acc
--dur-fast
--ease
--fg
--font-status
--fs-body
--fs-display
--fs-h1
--fs-h2
--fs-h3
--fs-label
--fs-sm
--fs-xs
--fw-b
--fw-x
--gauge-ease
--gauge-pop
--glass2
--hist-accent
--hist-rgb
--info
--info-rgb
--lh-base
--line
--line2
--modal-glass
--modal-glass-anchor
--modal-head-bg
--modal-tabs-bg
--mut
--naver
--naver-rgb
--on-accent
--on-amber
--on-arm
--on-danger
--press-l
--press-m
--press-pico
--press-s
--press-xs
--r-l
--r-m
--r-modal
--r-pill
--r-s
--sp-1
--sp-2
--sp-3
--sp-4
--space-bg
--space-hi-rgb
--thumb
--trailw
--trend-indent
--warn
--warn-rgb
--z-float
--z-lock
--z-min
--z-min-chip
--z-min-ghost
--z-min-pop
--z-min-shield
--z-nav
--z-reason
--z-remote
--z-remote-pop
--z-toast
